# THIS IS AN AUTOGENERATED FILE. DO NOT EDIT THIS FILE DIRECTLY.
# yarn lockfile v1


"@carbon/icon-helpers@^10.33.0":
  version "10.33.0"
  resolved "https://registry.yarnpkg.com/@carbon/icon-helpers/-/icon-helpers-10.33.0.tgz#6b9e467529c7f950fe87a6f45ae0efdcb9b55a26"
  integrity sha512-cdax+RiemAnrATgxL5zyCsD5CV1rJAVTjORXyKxhKSu9Fw6AFJEovJLR9+QQBbPaj/QNTB4o7mJ3YD15LLlB2w==

"@carbon/icons@11.10.0":
  version "11.10.0"
  resolved "https://registry.yarnpkg.com/@carbon/icons/-/icons-11.10.0.tgz#01bd205db95b33e21518a54331f025e944085344"
  integrity sha512-NUKXGZ5Yi184mvAs9q1sPt0ns2qXOF6dK4DG4mMHq5RgJRjq5diLHIm1t49SIwjF4X8b3KSehmrK7N9H6bf1Zg==

"@esbuild/android-arm@0.15.10":
  version "0.15.10"
  resolved "https://registry.yarnpkg.com/@esbuild/android-arm/-/android-arm-0.15.10.tgz#a5f9432eb221afc243c321058ef25fe899886892"
  integrity sha512-FNONeQPy/ox+5NBkcSbYJxoXj9GWu8gVGJTVmUyoOCKQFDTrHVKgNSzChdNt0I8Aj/iKcsDf2r9BFwv+FSNUXg==

"@esbuild/linux-loong64@0.15.10":
  version "0.15.10"
  resolved "https://registry.yarnpkg.com/@esbuild/linux-loong64/-/linux-loong64-0.15.10.tgz#78a42897c2cf8db9fd5f1811f7590393b77774c7"
  integrity sha512-w0Ou3Z83LOYEkwaui2M8VwIp+nLi/NA60lBLMvaJ+vXVMcsARYdEzLNE7RSm4+lSg4zq4d7fAVuzk7PNQ5JFgg==

"@sveltejs/vite-plugin-svelte@^1.1.1":
  version "1.1.1"
  resolved "https://registry.yarnpkg.com/@sveltejs/vite-plugin-svelte/-/vite-plugin-svelte-1.1.1.tgz#15acaa21b579c6c00f3be3c5bd2e69e91dfb2632"
  integrity sha512-NzIaGIzWh5hCSMUoxukYEGmxFCWgzaVglqHJLV5r0BA7hHZbHXu8DYR80i6QUX4xyoQ4PZ8ir7SUYsThbreMcg==
  dependencies:
    debug "^4.3.4"
    deepmerge "^4.2.2"
    kleur "^4.1.5"
    magic-string "^0.26.7"
    svelte-hmr "^0.15.0"

"@types/carbon__icon-helpers@^10.7.2":
  version "10.7.2"
  resolved "https://registry.yarnpkg.com/@types/carbon__icon-helpers/-/carbon__icon-helpers-10.7.2.tgz#68ded95a81e0291bef3bf2ad052324ee4d2020cf"
  integrity sha512-aKu+hd3nsQDLH1zxH1Ef35UUa9rqpQaN+bYmHGCPt9piQcVz4XkhAfbOnJ0FVrLaEQv8A8noVXVI4au8LN17LQ==

"@types/chai-subset@^1.3.3":
  version "1.3.3"
  resolved "https://registry.yarnpkg.com/@types/chai-subset/-/chai-subset-1.3.3.tgz#97893814e92abd2c534de422cb377e0e0bdaac94"
  integrity sha512-frBecisrNGz+F4T6bcc+NLeolfiojh5FxW2klu669+8BARtyQv2C/GkNW6FUodVe4BroGMP/wER/YDGc7rEllw==
  dependencies:
    "@types/chai" "*"

"@types/chai@*":
  version "4.3.0"
  resolved "https://registry.yarnpkg.com/@types/chai/-/chai-4.3.0.tgz#23509ebc1fa32f1b4d50d6a66c4032d5b8eaabdc"
  integrity sha512-/ceqdqeRraGolFTcfoXNiqjyQhZzbINDngeoAq9GoHa8PPK1yNzTaxWjA6BFWp5Ua9JpXEMSS4s5i9tS0hOJtw==

"@types/chai@^4.3.3":
  version "4.3.3"
  resolved "https://registry.yarnpkg.com/@types/chai/-/chai-4.3.3.tgz#3c90752792660c4b562ad73b3fbd68bf3bc7ae07"
  integrity sha512-hC7OMnszpxhZPduX+m+nrx+uFoLkWOMiR4oa/AZF3MuSETYTZmFfJAHqZEM8MVlvfG7BEUcgvtwoCTxBp6hm3g==

"@types/node@*":
  version "16.7.10"
  resolved "https://registry.yarnpkg.com/@types/node/-/node-16.7.10.tgz#7aa732cc47341c12a16b7d562f519c2383b6d4fc"
  integrity sha512-S63Dlv4zIPb8x6MMTgDq5WWRJQe56iBEY0O3SOFA9JrRienkOVDXSXBjjJw6HTNQYSE2JI6GMCR6LVbIMHJVvA==

acorn-walk@^8.2.0:
  version "8.2.0"
  resolved "https://registry.yarnpkg.com/acorn-walk/-/acorn-walk-8.2.0.tgz#741210f2e2426454508853a2f44d0ab83b7f69c1"
  integrity sha512-k+iyHEuPgSw6SbuDpGQM+06HQUa04DZ3o+F6CSzXMvvI5KMvnaEqXe+YVe555R9nn6GPt404fos4wcgpw12SDA==

acorn@^8.8.0:
  version "8.8.0"
  resolved "https://registry.yarnpkg.com/acorn/-/acorn-8.8.0.tgz#88c0187620435c7f6015803f5539dae05a9dbea8"
  integrity sha512-QOxyigPVrpZ2GXT+PFyZTl6TtOFc5egxHIP9IlQ+RbupQuX4RkT/Bee4/kQuC02Xkzg84JcT7oLYtDIQxp+v7w==

assertion-error@^1.1.0:
  version "1.1.0"
  resolved "https://registry.yarnpkg.com/assertion-error/-/assertion-error-1.1.0.tgz#e60b6b0e8f301bd97e5375215bda406c85118c0b"
  integrity sha512-jgsaNduz+ndvGyFt3uSuWqvy4lCnIJiovtouQN5JZHOKCS2QuhEdbcQHFhVksz2N2U9hXJo8odG7ETyWlEeuDw==

chai@^4.3.6:
  version "4.3.6"
  resolved "https://registry.yarnpkg.com/chai/-/chai-4.3.6.tgz#ffe4ba2d9fa9d6680cc0b370adae709ec9011e9c"
  integrity sha512-bbcp3YfHCUzMOvKqsztczerVgBKSsEijCySNlHHbX3VG1nskvqjz5Rfso1gGwD6w6oOV3eI60pKuMOV5MV7p3Q==
  dependencies:
    assertion-error "^1.1.0"
    check-error "^1.0.2"
    deep-eql "^3.0.1"
    get-func-name "^2.0.0"
    loupe "^2.3.1"
    pathval "^1.1.1"
    type-detect "^4.0.5"

check-error@^1.0.2:
  version "1.0.2"
  resolved "https://registry.yarnpkg.com/check-error/-/check-error-1.0.2.tgz#574d312edd88bb5dd8912e9286dd6c0aed4aac82"
  integrity sha1-V00xLt2Iu13YkS6Sht1sCu1KrII=

debug@^4.3.4:
  version "4.3.4"
  resolved "https://registry.yarnpkg.com/debug/-/debug-4.3.4.tgz#1319f6579357f2338d3337d2cdd4914bb5dcc865"
  integrity sha512-PRWFHuSU3eDtQJPvnNY7Jcket1j0t5OuOsFzPPzsekD52Zl8qUfFIPEiswXqIvHWGVHOgX+7G/vCNNhehwxfkQ==
  dependencies:
    ms "2.1.2"

deep-eql@^3.0.1:
  version "3.0.1"
  resolved "https://registry.yarnpkg.com/deep-eql/-/deep-eql-3.0.1.tgz#dfc9404400ad1c8fe023e7da1df1c147c4b444df"
  integrity sha512-+QeIQyN5ZuO+3Uk5DYh6/1eKO0m0YmJFGNmFHGACpf1ClL1nmlV/p4gNgbl2pJGxgXb4faqo6UE+M5ACEMyVcw==
  dependencies:
    type-detect "^4.0.0"

deepmerge@^4.2.2:
  version "4.2.2"
  resolved "https://registry.yarnpkg.com/deepmerge/-/deepmerge-4.2.2.tgz#44d2ea3679b8f4d4ffba33f03d865fc1e7bf4955"
  integrity sha512-FJ3UgI4gIl+PHZm53knsuSFpE+nESMr7M4v9QcgB7S63Kj/6WqMiFQJpBBYz1Pt+66bZpP3Q7Lye0Oo9MPKEdg==

esbuild-android-64@0.15.10:
  version "0.15.10"
  resolved "https://registry.yarnpkg.com/esbuild-android-64/-/esbuild-android-64-0.15.10.tgz#8a59a84acbf2eca96996cadc35642cf055c494f0"
  integrity sha512-UI7krF8OYO1N7JYTgLT9ML5j4+45ra3amLZKx7LO3lmLt1Ibn8t3aZbX5Pu4BjWiqDuJ3m/hsvhPhK/5Y/YpnA==

esbuild-android-arm64@0.15.10:
  version "0.15.10"
  resolved "https://registry.yarnpkg.com/esbuild-android-arm64/-/esbuild-android-arm64-0.15.10.tgz#f453851dc1d8c5409a38cf7613a33852faf4915d"
  integrity sha512-EOt55D6xBk5O05AK8brXUbZmoFj4chM8u3riGflLa6ziEoVvNjRdD7Cnp82NHQGfSHgYR06XsPI8/sMuA/cUwg==

esbuild-darwin-64@0.15.10:
  version "0.15.10"
  resolved "https://registry.yarnpkg.com/esbuild-darwin-64/-/esbuild-darwin-64-0.15.10.tgz#778bd29c8186ff47b176c8af58c08cf0fb8e6b86"
  integrity sha512-hbDJugTicqIm+WKZgp208d7FcXcaK8j2c0l+fqSJ3d2AzQAfjEYDRM3Z2oMeqSJ9uFxyj/muSACLdix7oTstRA==

esbuild-darwin-arm64@0.15.10:
  version "0.15.10"
  resolved "https://registry.yarnpkg.com/esbuild-darwin-arm64/-/esbuild-darwin-arm64-0.15.10.tgz#b30bbefb46dc3c5d4708b0435e52f6456578d6df"
  integrity sha512-M1t5+Kj4IgSbYmunf2BB6EKLkWUq+XlqaFRiGOk8bmBapu9bCDrxjf4kUnWn59Dka3I27EiuHBKd1rSO4osLFQ==

esbuild-freebsd-64@0.15.10:
  version "0.15.10"
  resolved "https://registry.yarnpkg.com/esbuild-freebsd-64/-/esbuild-freebsd-64-0.15.10.tgz#ab301c5f6ded5110dbdd611140bef1a7c2e99236"
  integrity sha512-KMBFMa7C8oc97nqDdoZwtDBX7gfpolkk6Bcmj6YFMrtCMVgoU/x2DI1p74DmYl7CSS6Ppa3xgemrLrr5IjIn0w==

esbuild-freebsd-arm64@0.15.10:
  version "0.15.10"
  resolved "https://registry.yarnpkg.com/esbuild-freebsd-arm64/-/esbuild-freebsd-arm64-0.15.10.tgz#a5b09b867a6ff49110f52343b6f12265db63d43f"
  integrity sha512-m2KNbuCX13yQqLlbSojFMHpewbn8wW5uDS6DxRpmaZKzyq8Dbsku6hHvh2U+BcLwWY4mpgXzFUoENEf7IcioGg==

esbuild-linux-32@0.15.10:
  version "0.15.10"
  resolved "https://registry.yarnpkg.com/esbuild-linux-32/-/esbuild-linux-32-0.15.10.tgz#5282fe9915641caf9c8070e4ba2c3e16d358f837"
  integrity sha512-guXrwSYFAvNkuQ39FNeV4sNkNms1bLlA5vF1H0cazZBOLdLFIny6BhT+TUbK/hdByMQhtWQ5jI9VAmPKbVPu1w==

esbuild-linux-64@0.15.10:
  version "0.15.10"
  resolved "https://registry.yarnpkg.com/esbuild-linux-64/-/esbuild-linux-64-0.15.10.tgz#f3726e85a00149580cb19f8abfabcbb96f5d52bb"
  integrity sha512-jd8XfaSJeucMpD63YNMO1JCrdJhckHWcMv6O233bL4l6ogQKQOxBYSRP/XLWP+6kVTu0obXovuckJDcA0DKtQA==

esbuild-linux-arm64@0.15.10:
  version "0.15.10"
  resolved "https://registry.yarnpkg.com/esbuild-linux-arm64/-/esbuild-linux-arm64-0.15.10.tgz#2f0056e9d5286edb0185b56655caa8c574d8dbe7"
  integrity sha512-GByBi4fgkvZFTHFDYNftu1DQ1GzR23jws0oWyCfhnI7eMOe+wgwWrc78dbNk709Ivdr/evefm2PJiUBMiusS1A==

esbuild-linux-arm@0.15.10:
  version "0.15.10"
  resolved "https://registry.yarnpkg.com/esbuild-linux-arm/-/esbuild-linux-arm-0.15.10.tgz#40a9270da3c8ffa32cf72e24a79883e323dff08d"
  integrity sha512-6N8vThLL/Lysy9y4Ex8XoLQAlbZKUyExCWyayGi2KgTBelKpPgj6RZnUaKri0dHNPGgReJriKVU6+KDGQwn10A==

esbuild-linux-mips64le@0.15.10:
  version "0.15.10"
  resolved "https://registry.yarnpkg.com/esbuild-linux-mips64le/-/esbuild-linux-mips64le-0.15.10.tgz#90ce1c4ee0202edb4ac69807dea77f7e5804abc4"
  integrity sha512-BxP+LbaGVGIdQNJUNF7qpYjEGWb0YyHVSKqYKrn+pTwH/SiHUxFyJYSP3pqkku61olQiSBnSmWZ+YUpj78Tw7Q==

esbuild-linux-ppc64le@0.15.10:
  version "0.15.10"
  resolved "https://registry.yarnpkg.com/esbuild-linux-ppc64le/-/esbuild-linux-ppc64le-0.15.10.tgz#782837ae7bd5b279178106c9dd801755a21fabdf"
  integrity sha512-LoSQCd6498PmninNgqd/BR7z3Bsk/mabImBWuQ4wQgmQEeanzWd5BQU2aNi9mBURCLgyheuZS6Xhrw5luw3OkQ==

esbuild-linux-riscv64@0.15.10:
  version "0.15.10"
  resolved "https://registry.yarnpkg.com/esbuild-linux-riscv64/-/esbuild-linux-riscv64-0.15.10.tgz#d7420d806ece5174f24f4634303146f915ab4207"
  integrity sha512-Lrl9Cr2YROvPV4wmZ1/g48httE8z/5SCiXIyebiB5N8VT7pX3t6meI7TQVHw/wQpqP/AF4SksDuFImPTM7Z32Q==

esbuild-linux-s390x@0.15.10:
  version "0.15.10"
  resolved "https://registry.yarnpkg.com/esbuild-linux-s390x/-/esbuild-linux-s390x-0.15.10.tgz#21fdf0cb3494a7fb520a71934e4dffce67fe47be"
  integrity sha512-ReP+6q3eLVVP2lpRrvl5EodKX7EZ1bS1/z5j6hsluAlZP5aHhk6ghT6Cq3IANvvDdscMMCB4QEbI+AjtvoOFpA==

esbuild-netbsd-64@0.15.10:
  version "0.15.10"
  resolved "https://registry.yarnpkg.com/esbuild-netbsd-64/-/esbuild-netbsd-64-0.15.10.tgz#6c06b3107e3df53de381e6299184d4597db0440f"
  integrity sha512-iGDYtJCMCqldMskQ4eIV+QSS/CuT7xyy9i2/FjpKvxAuCzrESZXiA1L64YNj6/afuzfBe9i8m/uDkFHy257hTw==

esbuild-openbsd-64@0.15.10:
  version "0.15.10"
  resolved "https://registry.yarnpkg.com/esbuild-openbsd-64/-/esbuild-openbsd-64-0.15.10.tgz#4daef5f5d8e74bbda53b65160029445d582570cf"
  integrity sha512-ftMMIwHWrnrYnvuJQRJs/Smlcb28F9ICGde/P3FUTCgDDM0N7WA0o9uOR38f5Xe2/OhNCgkjNeb7QeaE3cyWkQ==

esbuild-sunos-64@0.15.10:
  version "0.15.10"
  resolved "https://registry.yarnpkg.com/esbuild-sunos-64/-/esbuild-sunos-64-0.15.10.tgz#5fe7bef267a02f322fd249a8214d0274937388a7"
  integrity sha512-mf7hBL9Uo2gcy2r3rUFMjVpTaGpFJJE5QTDDqUFf1632FxteYANffDZmKbqX0PfeQ2XjUDE604IcE7OJeoHiyg==

esbuild-windows-32@0.15.10:
  version "0.15.10"
  resolved "https://registry.yarnpkg.com/esbuild-windows-32/-/esbuild-windows-32-0.15.10.tgz#48e3dde25ab0135579a288b30ab6ddef6d1f0b28"
  integrity sha512-ttFVo+Cg8b5+qHmZHbEc8Vl17kCleHhLzgT8X04y8zudEApo0PxPg9Mz8Z2cKH1bCYlve1XL8LkyXGFjtUYeGg==

esbuild-windows-64@0.15.10:
  version "0.15.10"
  resolved "https://registry.yarnpkg.com/esbuild-windows-64/-/esbuild-windows-64-0.15.10.tgz#387a9515bef3fee502d277a5d0a2db49a4ecda05"
  integrity sha512-2H0gdsyHi5x+8lbng3hLbxDWR7mKHWh5BXZGKVG830KUmXOOWFE2YKJ4tHRkejRduOGDrBvHBriYsGtmTv3ntA==

esbuild-windows-arm64@0.15.10:
  version "0.15.10"
  resolved "https://registry.yarnpkg.com/esbuild-windows-arm64/-/esbuild-windows-arm64-0.15.10.tgz#5a6fcf2fa49e895949bf5495cf088ab1b43ae879"
  integrity sha512-S+th4F+F8VLsHLR0zrUcG+Et4hx0RKgK1eyHc08kztmLOES8BWwMiaGdoW9hiXuzznXQ0I/Fg904MNbr11Nktw==

esbuild@^0.15.9:
  version "0.15.10"
  resolved "https://registry.yarnpkg.com/esbuild/-/esbuild-0.15.10.tgz#85c2f8446e9b1fe04fae68daceacba033eedbd42"
  integrity sha512-N7wBhfJ/E5fzn/SpNgX+oW2RLRjwaL8Y0ezqNqhjD6w0H2p0rDuEz2FKZqpqLnO8DCaWumKe8dsC/ljvVSSxng==
  optionalDependencies:
    "@esbuild/android-arm" "0.15.10"
    "@esbuild/linux-loong64" "0.15.10"
    esbuild-android-64 "0.15.10"
    esbuild-android-arm64 "0.15.10"
    esbuild-darwin-64 "0.15.10"
    esbuild-darwin-arm64 "0.15.10"
    esbuild-freebsd-64 "0.15.10"
    esbuild-freebsd-arm64 "0.15.10"
    esbuild-linux-32 "0.15.10"
    esbuild-linux-64 "0.15.10"
    esbuild-linux-arm "0.15.10"
    esbuild-linux-arm64 "0.15.10"
    esbuild-linux-mips64le "0.15.10"
    esbuild-linux-ppc64le "0.15.10"
    esbuild-linux-riscv64 "0.15.10"
    esbuild-linux-s390x "0.15.10"
    esbuild-netbsd-64 "0.15.10"
    esbuild-openbsd-64 "0.15.10"
    esbuild-sunos-64 "0.15.10"
    esbuild-windows-32 "0.15.10"
    esbuild-windows-64 "0.15.10"
    esbuild-windows-arm64 "0.15.10"

fsevents@~2.3.2:
  version "2.3.2"
  resolved "https://registry.yarnpkg.com/fsevents/-/fsevents-2.3.2.tgz#8a526f78b8fdf4623b709e0b975c52c24c02fd1a"
  integrity sha512-xiqMQR4xAeHTuB9uWm+fFRcIOgKBMiOBP+eXiyT7jsgVCq1bkVygt00oASowB7EdtpOHaaPgKt812P9ab+DDKA==

function-bind@^1.1.1:
  version "1.1.1"
  resolved "https://registry.yarnpkg.com/function-bind/-/function-bind-1.1.1.tgz#a56899d3ea3c9bab874bb9773b7c5ede92f4895d"
  integrity sha512-yIovAzMX49sF8Yl58fSCWJ5svSLuaibPxXQJFLmBObTuCr0Mf1KiPopGM9NiFjiYBCbfaa2Fh6breQ6ANVTI0A==

get-func-name@^2.0.0:
  version "2.0.0"
  resolved "https://registry.yarnpkg.com/get-func-name/-/get-func-name-2.0.0.tgz#ead774abee72e20409433a066366023dd6887a41"
  integrity sha1-6td0q+5y4gQJQzoGY2YCPdaIekE=

has@^1.0.3:
  version "1.0.3"
  resolved "https://registry.yarnpkg.com/has/-/has-1.0.3.tgz#722d7cbfc1f6aa8241f16dd814e011e1f41e8796"
  integrity sha512-f2dvO0VU6Oej7RkWJGrehjbzMAjFp5/VKPp5tTpWIV4JHHZK1/BxbFRtf/siA2SWTe09caDmVtYYzWEIbBS4zw==
  dependencies:
    function-bind "^1.1.1"

is-core-module@^2.9.0:
  version "2.9.0"
  resolved "https://registry.yarnpkg.com/is-core-module/-/is-core-module-2.9.0.tgz#e1c34429cd51c6dd9e09e0799e396e27b19a9c69"
  integrity sha512-+5FPy5PnwmO3lvfMb0AsoPaBG+5KHUI0wYFXOtYPnVVVspTFUuMZNfNaNVRt3FZadstu2c8x23vykRW/NBoU6A==
  dependencies:
    has "^1.0.3"

kleur@^4.1.5:
  version "4.1.5"
  resolved "https://registry.yarnpkg.com/kleur/-/kleur-4.1.5.tgz#95106101795f7050c6c650f350c683febddb1780"
  integrity sha512-o+NO+8WrRiQEE4/7nwRJhN1HWpVmJm511pBHUxPLtp0BUISzlBplORYSmTclCnJvQq2tKu/sgl3xVpkc7ZWuQQ==

local-pkg@^0.4.2:
  version "0.4.2"
  resolved "https://registry.yarnpkg.com/local-pkg/-/local-pkg-0.4.2.tgz#13107310b77e74a0e513147a131a2ba288176c2f"
  integrity sha512-mlERgSPrbxU3BP4qBqAvvwlgW4MTg78iwJdGGnv7kibKjWcJksrG3t6LB5lXI93wXRDvG4NpUgJFmTG4T6rdrg==

loupe@^2.3.1:
  version "2.3.4"
  resolved "https://registry.yarnpkg.com/loupe/-/loupe-2.3.4.tgz#7e0b9bffc76f148f9be769cb1321d3dcf3cb25f3"
  integrity sha512-OvKfgCC2Ndby6aSTREl5aCCPTNIzlDfQZvZxNUrBrihDhL3xcrYegTblhmEiCrg2kKQz4XsFIaemE5BF4ybSaQ==
  dependencies:
    get-func-name "^2.0.0"

magic-string@^0.26.7:
  version "0.26.7"
  resolved "https://registry.yarnpkg.com/magic-string/-/magic-string-0.26.7.tgz#caf7daf61b34e9982f8228c4527474dac8981d6f"
  integrity sha512-hX9XH3ziStPoPhJxLq1syWuZMxbDvGNbVchfrdCtanC7D13888bMFow61x8axrx+GfHLtVeAx2kxL7tTGRl+Ow==
  dependencies:
    sourcemap-codec "^1.4.8"

ms@2.1.2:
  version "2.1.2"
  resolved "https://registry.yarnpkg.com/ms/-/ms-2.1.2.tgz#d09d1f357b443f493382a8eb3ccd183872ae6009"
  integrity sha512-sGkPx+VjMtmA6MX27oA4FBFELFCZZ4S4XqeGOXCv68tT+jb3vk/RyaKWP0PTKyWtmLSM0b+adUTEvbs1PEaH2w==

nanoid@^3.3.6:
  version "3.3.6"
  resolved "https://registry.yarnpkg.com/nanoid/-/nanoid-3.3.6.tgz#443380c856d6e9f9824267d960b4236ad583ea4c"
  integrity sha512-BGcqMMJuToF7i1rt+2PWSNVnWIkGCU78jBG3RxO/bZlnZPK2Cmi2QaffxGO/2RvWi9sL+FAiRiXMgsyxQ1DIDA==

path-parse@^1.0.7:
  version "1.0.7"
  resolved "https://registry.yarnpkg.com/path-parse/-/path-parse-1.0.7.tgz#fbc114b60ca42b30d9daf5858e4bd68bbedb6735"
  integrity sha512-LDJzPVEEEPR+y48z93A0Ed0yXb8pAByGWo/k5YYdYgpY2/2EsOsksJrq7lOHxryrVOn1ejG6oAp8ahvOIQD8sw==

pathval@^1.1.1:
  version "1.1.1"
  resolved "https://registry.yarnpkg.com/pathval/-/pathval-1.1.1.tgz#8534e77a77ce7ac5a2512ea21e0fdb8fcf6c3d8d"
  integrity sha512-Dp6zGqpTdETdR63lehJYPeIOqpiNBNtc7BpWSLrOje7UaIsE5aY92r/AunQA7rsXvet3lrJ3JnZX29UPTKXyKQ==

picocolors@^1.0.0:
  version "1.0.0"
  resolved "https://registry.yarnpkg.com/picocolors/-/picocolors-1.0.0.tgz#cb5bdc74ff3f51892236eaf79d68bc44564ab81c"
  integrity sha512-1fygroTLlHu66zi26VoTDv8yRgm0Fccecssto+MhsZ0D/DGW2sm8E8AjW7NU5VVTRt5GxbeZ5qBuJr+HyLYkjQ==

postcss@^8.4.18:
  version "8.4.24"
  resolved "https://registry.yarnpkg.com/postcss/-/postcss-8.4.24.tgz#f714dba9b2284be3cc07dbd2fc57ee4dc972d2df"
  integrity sha512-M0RzbcI0sO/XJNucsGjvWU9ERWxb/ytp1w6dKtxTKgixdtQDq4rmx/g8W1hnaheq9jgwL/oyEdH5Bc4WwJKMqg==
  dependencies:
    nanoid "^3.3.6"
    picocolors "^1.0.0"
    source-map-js "^1.0.2"

resolve@^1.22.1:
  version "1.22.1"
  resolved "https://registry.yarnpkg.com/resolve/-/resolve-1.22.1.tgz#27cb2ebb53f91abb49470a928bba7558066ac177"
  integrity sha512-nBpuuYuY5jFsli/JIs1oldw6fOQCBioohqWZg/2hiaOybXOft4lonv85uDOKXdf8rhyK159cxU5cDcK/NKk8zw==
  dependencies:
    is-core-module "^2.9.0"
    path-parse "^1.0.7"
    supports-preserve-symlinks-flag "^1.0.0"

rollup@^2.79.1:
  version "2.79.1"
  resolved "https://registry.yarnpkg.com/rollup/-/rollup-2.79.1.tgz#bedee8faef7c9f93a2647ac0108748f497f081c7"
  integrity sha512-uKxbd0IhMZOhjAiD5oAFp7BqvkA4Dv47qpOCtaNvng4HBwdbWtdOh8f5nZNuk2rp51PMGk3bzfWu5oayNEuYnw==
  optionalDependencies:
    fsevents "~2.3.2"

source-map-js@^1.0.2:
  version "1.0.2"
  resolved "https://registry.yarnpkg.com/source-map-js/-/source-map-js-1.0.2.tgz#adbc361d9c62df380125e7f161f71c826f1e490c"
  integrity sha512-R0XvVJ9WusLiqTCEiGCmICCMplcCkIwwR11mOSD9CR5u+IXYdiseeEuXCVAjS54zqwkLcPNnmU4OeJ6tUrWhDw==

source-map@^0.6.1:
  version "0.6.1"
  resolved "https://registry.yarnpkg.com/source-map/-/source-map-0.6.1.tgz#74722af32e9614e9c287a8d0bbde48b5e2f1a263"
  integrity sha512-UjgapumWlbMhkBgzT7Ykc5YXUT46F0iKu8SGXq0bcwP5dz/h0Plj6enJqjz1Zbq2l5WaqYnrVbwWOWMyF3F47g==

sourcemap-codec@^1.4.8:
  version "1.4.8"
  resolved "https://registry.yarnpkg.com/sourcemap-codec/-/sourcemap-codec-1.4.8.tgz#ea804bd94857402e6992d05a38ef1ae35a9ab4c4"
  integrity sha512-9NykojV5Uih4lgo5So5dtw+f0JgJX30KCNI8gwhz2J9A15wD0Ml6tjHKwf6fTSa6fAdVBdZeNOs9eJ71qCk8vA==

strip-literal@^0.4.2:
  version "0.4.2"
  resolved "https://registry.yarnpkg.com/strip-literal/-/strip-literal-0.4.2.tgz#4f9fa6c38bb157b924e9ace7155ebf8a2342cbcf"
  integrity sha512-pv48ybn4iE1O9RLgCAN0iU4Xv7RlBTiit6DKmMiErbs9x1wH6vXBs45tWc0H5wUIF6TLTrKweqkmYF/iraQKNw==
  dependencies:
    acorn "^8.8.0"

supports-preserve-symlinks-flag@^1.0.0:
  version "1.0.0"
  resolved "https://registry.yarnpkg.com/supports-preserve-symlinks-flag/-/supports-preserve-symlinks-flag-1.0.0.tgz#6eda4bd344a3c94aea376d4cc31bc77311039e09"
  integrity sha512-ot0WnXS9fgdkgIcePe6RHNk1WA8+muPa6cSjeR3V8K27q9BB1rTE3R1p7Hv0z1ZyAc8s6Vvv8DIyWf681MAt0w==

svelte-hmr@^0.15.0:
  version "0.15.0"
  resolved "https://registry.yarnpkg.com/svelte-hmr/-/svelte-hmr-0.15.0.tgz#c8304b5dd33f006415329d91470761d19417a324"
  integrity sha512-Aw21SsyoohyVn4yiKXWPNCSW2DQNH/76kvUnE9kpt4h9hcg9tfyQc6xshx9hzgMfGF0kVx0EGD8oBMWSnATeOg==

svelte@^3.53.1:
  version "3.53.1"
  resolved "https://registry.yarnpkg.com/svelte/-/svelte-3.53.1.tgz#db9d7df7a8f570e8e22547444c149208b1914442"
  integrity sha512-Q4/hHkktZogGhN5iqxqSi9sjEVoe/NbIxX4hXEHoasTxj+TxEQVAq66LnDMdAZxjmsodkoI5F3slqsS68U7FNw==

tinybench@^2.3.1:
  version "2.3.1"
  resolved "https://registry.yarnpkg.com/tinybench/-/tinybench-2.3.1.tgz#14f64e6b77d7ef0b1f6ab850c7a808c6760b414d"
  integrity sha512-hGYWYBMPr7p4g5IarQE7XhlyWveh1EKhy4wUBS1LrHXCKYgvz+4/jCqgmJqZxxldesn05vccrtME2RLLZNW7iA==

tinypool@^0.3.0:
  version "0.3.0"
  resolved "https://registry.yarnpkg.com/tinypool/-/tinypool-0.3.0.tgz#c405d8b743509fc28ea4ca358433190be654f819"
  integrity sha512-NX5KeqHOBZU6Bc0xj9Vr5Szbb1j8tUHIeD18s41aDJaPeC5QTdEhK0SpdpUrZlj2nv5cctNcSjaKNanXlfcVEQ==

tinyspy@^1.0.2:
  version "1.0.2"
  resolved "https://registry.yarnpkg.com/tinyspy/-/tinyspy-1.0.2.tgz#6da0b3918bfd56170fb3cd3a2b5ef832ee1dff0d"
  integrity sha512-bSGlgwLBYf7PnUsQ6WOc6SJ3pGOcd+d8AA6EUnLDDM0kWEstC1JIlSZA3UNliDXhd9ABoS7hiRBDCu+XP/sf1Q==

type-detect@^4.0.0, type-detect@^4.0.5:
  version "4.0.8"
  resolved "https://registry.yarnpkg.com/type-detect/-/type-detect-4.0.8.tgz#7646fb5f18871cfbb7749e69bd39a6388eb7450c"
  integrity sha512-0fr/mIH1dlO+x7TlcMy+bIDqKPsw/70tVyeHW787goQjhmqaZe10uwLujubK9q9Lg6Fiho1KUKDYz0Z7k7g5/g==

typescript@^4.8.4:
  version "4.8.4"
  resolved "https://registry.yarnpkg.com/typescript/-/typescript-4.8.4.tgz#c464abca159669597be5f96b8943500b238e60e6"
  integrity sha512-QCh+85mCy+h0IGff8r5XWzOVSbBO+KfeYrMQh7NJ58QujwcE22u+NUSmUxqF+un70P9GXKxa2HCNiTTMJknyjQ==

vite@^3.0.0:
  version "3.2.7"
  resolved "https://registry.yarnpkg.com/vite/-/vite-3.2.7.tgz#35a62826bd4d6b778ae5db8766d023bcd4e7bef3"
  integrity sha512-29pdXjk49xAP0QBr0xXqu2s5jiQIXNvE/xwd0vUizYT2Hzqe4BksNNoWllFVXJf4eLZ+UlVQmXfB4lWrc+t18g==
  dependencies:
    esbuild "^0.15.9"
    postcss "^8.4.18"
    resolve "^1.22.1"
    rollup "^2.79.1"
  optionalDependencies:
    fsevents "~2.3.2"

vitest@^0.25.1:
  version "0.25.1"
  resolved "https://registry.yarnpkg.com/vitest/-/vitest-0.25.1.tgz#4eafca68fabab22b6099451ab3fcaac33290a4ed"
  integrity sha512-eH74h6MkuEgsqR4mAQZeMK9O0PROiKY+i+1GMz/fBi5A3L2ml5U7JQs7LfPU7+uWUziZyLHagl+rkyfR8SLhlA==
  dependencies:
    "@types/chai" "^4.3.3"
    "@types/chai-subset" "^1.3.3"
    "@types/node" "*"
    acorn "^8.8.0"
    acorn-walk "^8.2.0"
    chai "^4.3.6"
    debug "^4.3.4"
    local-pkg "^0.4.2"
    source-map "^0.6.1"
    strip-literal "^0.4.2"
    tinybench "^2.3.1"
    tinypool "^0.3.0"
    tinyspy "^1.0.2"
    vite "^3.0.0"
